// !$*UTF8*$!
{
	archiveVersion = 1;
	classes = {
	};
	objectVersion = 45;
	objects = {

/* Begin PBXBuildFile section */
		1D3623260D0F684500981E51 /* AppDelegate.m in Sources */ = {isa = PBXBuildFile; fileRef = 1D3623250D0F684500981E51 /* AppDelegate.m */; };
		1D60589B0D05DD56006BFB54 /* main.m in Sources */ = {isa = PBXBuildFile; fileRef = 29B97316FDCFA39411CA2CEA /* main.m */; };
		1D60589F0D05DD5A006BFB54 /* Foundation.framework in Frameworks */ = {isa = PBXBuildFile; fileRef = 1D30AB110D05D00D00671497 /* Foundation.framework */; };
		1DF5F4E00D08C38300B7A737 /* UIKit.framework in Frameworks */ = {isa = PBXBuildFile; fileRef = 1DF5F4DF0D08C38300B7A737 /* UIKit.framework */; };
		225AB09B143A43A40075EC49 /* EventAnnotation.m in Sources */ = {isa = PBXBuildFile; fileRef = 225AB09A143A43A40075EC49 /* EventAnnotation.m */; };
		288765A50DF7441C002DB57D /* CoreGraphics.framework in Frameworks */ = {isa = PBXBuildFile; fileRef = 288765A40DF7441C002DB57D /* CoreGraphics.framework */; };
		2899E5220DE3E06400AC0155 /* MapView.xib in Resources */ = {isa = PBXBuildFile; fileRef = 2899E5210DE3E06400AC0155 /* MapView.xib */; };
		28AD733F0D9D9553002E5188 /* MainWindow.xib in Resources */ = {isa = PBXBuildFile; fileRef = 28AD733E0D9D9553002E5188 /* MainWindow.xib */; };
		28D7ACF80DDB3853001CB0EB /* MapController.m in Sources */ = {isa = PBXBuildFile; fileRef = 28D7ACF70DDB3853001CB0EB /* MapController.m */; };
		3A98777D142A57A600D80A8C /* MapKit.framework in Frameworks */ = {isa = PBXBuildFile; fileRef = 3A98777C142A57A600D80A8C /* MapKit.framework */; };
		BFF266AB143F928800084695 /* FilterListController.m in Sources */ = {isa = PBXBuildFile; fileRef = BFF266A9143F928800084695 /* FilterListController.m */; };
		BFF8F6C6143A278200D5DA96 /* FilterListView.xib in Resources */ = {isa = PBXBuildFile; fileRef = BFF8F6C5143A278200D5DA96 /* FilterListView.xib */; };
		BFF8F6CB143A2B7F00D5DA96 /* EventListView.xib in Resources */ = {isa = PBXBuildFile; fileRef = BFF8F6CA143A2B7F00D5DA96 /* EventListView.xib */; };
		BFF8F6E3143A2FB500D5DA96 /* EventView.xib in Resources */ = {isa = PBXBuildFile; fileRef = BFF8F6E2143A2FB500D5DA96 /* EventView.xib */; };
		F2771D801445F35600FC8C0C /* EditFilterController.m in Sources */ = {isa = PBXBuildFile; fileRef = F2771D7E1445F35600FC8C0C /* EditFilterController.m */; };
		F2771D811445F35600FC8C0C /* EditFilterView.xib in Resources */ = {isa = PBXBuildFile; fileRef = F2771D7F1445F35600FC8C0C /* EditFilterView.xib */; };
		F2771DBA1445F7FE00FC8C0C /* RemoveFilterController.m in Sources */ = {isa = PBXBuildFile; fileRef = F2771DB81445F7FE00FC8C0C /* RemoveFilterController.m */; };
		F2771DBB1445F7FE00FC8C0C /* RemoveFilterView.xib in Resources */ = {isa = PBXBuildFile; fileRef = F2771DB91445F7FE00FC8C0C /* RemoveFilterView.xib */; };
		F2B45EB8143F5E18002B0729 /* EventLocation.m in Sources */ = {isa = PBXBuildFile; fileRef = F2B45EB7143F5E18002B0729 /* EventLocation.m */; };
		F2B45EBB143F5E3C002B0729 /* EventAvailability.m in Sources */ = {isa = PBXBuildFile; fileRef = F2B45EBA143F5E3C002B0729 /* EventAvailability.m */; };
		F2B45EBE143F5E48002B0729 /* EventArtist.m in Sources */ = {isa = PBXBuildFile; fileRef = F2B45EBD143F5E48002B0729 /* EventArtist.m */; };
		F2B4AD011436346A00FA5091 /* Content.m in Sources */ = {isa = PBXBuildFile; fileRef = F2B4AD001436346A00FA5091 /* Content.m */; };
		F2B4AD2814363B7900FA5091 /* Filter.m in Sources */ = {isa = PBXBuildFile; fileRef = F2B4AD2714363B7900FA5091 /* Filter.m */; };
		F2B586B11443546B000A4A68 /* ArtistListController.m in Sources */ = {isa = PBXBuildFile; fileRef = F2B586AF1443546B000A4A68 /* ArtistListController.m */; };
		F2B586B21443546B000A4A68 /* ArtistListView.xib in Resources */ = {isa = PBXBuildFile; fileRef = F2B586B01443546B000A4A68 /* ArtistListView.xib */; };
		F2B5877814436292000A4A68 /* ArtistController.m in Sources */ = {isa = PBXBuildFile; fileRef = F2B5877614436292000A4A68 /* ArtistController.m */; };
		F2B5877914436292000A4A68 /* ArtistView.xib in Resources */ = {isa = PBXBuildFile; fileRef = F2B5877714436292000A4A68 /* ArtistView.xib */; };
		F2B587881443659B000A4A68 /* AddFilterController.m in Sources */ = {isa = PBXBuildFile; fileRef = F2B587861443659B000A4A68 /* AddFilterController.m */; };
		F2B587891443659B000A4A68 /* AddFilterView.xib in Resources */ = {isa = PBXBuildFile; fileRef = F2B587871443659B000A4A68 /* AddFilterView.xib */; };
		F2BF2AE8143A35DE00FBD2F5 /* Event.m in Sources */ = {isa = PBXBuildFile; fileRef = F2BF2AE7143A35DE00FBD2F5 /* Event.m */; };
		F2BF2AED143A362E00FBD2F5 /* EventListController.m in Sources */ = {isa = PBXBuildFile; fileRef = F2BF2AEC143A362E00FBD2F5 /* EventListController.m */; };
/* End PBXBuildFile section */

/* Begin PBXFileReference section */
		1D30AB110D05D00D00671497 /* Foundation.framework */ = {isa = PBXFileReference; lastKnownFileType = wrapper.framework; name = Foundation.framework; path = System/Library/Frameworks/Foundation.framework; sourceTree = SDKROOT; };
		1D3623240D0F684500981E51 /* AppDelegate.h */ = {isa = PBXFileReference; fileEncoding = 4; lastKnownFileType = sourcecode.c.h; path = AppDelegate.h; sourceTree = "<group>"; };
		1D3623250D0F684500981E51 /* AppDelegate.m */ = {isa = PBXFileReference; fileEncoding = 4; lastKnownFileType = sourcecode.c.objc; path = AppDelegate.m; sourceTree = "<group>"; };
		1D6058910D05DD3D006BFB54 /* Metro-Atlanta-Arts-App.app */ = {isa = PBXFileReference; explicitFileType = wrapper.application; includeInIndex = 0; path = "Metro-Atlanta-Arts-App.app"; sourceTree = BUILT_PRODUCTS_DIR; };
		1DF5F4DF0D08C38300B7A737 /* UIKit.framework */ = {isa = PBXFileReference; lastKnownFileType = wrapper.framework; name = UIKit.framework; path = System/Library/Frameworks/UIKit.framework; sourceTree = SDKROOT; };
		225AB099143A43A40075EC49 /* EventAnnotation.h */ = {isa = PBXFileReference; fileEncoding = 4; lastKnownFileType = sourcecode.c.h; path = EventAnnotation.h; sourceTree = "<group>"; };
		225AB09A143A43A40075EC49 /* EventAnnotation.m */ = {isa = PBXFileReference; explicitFileType = sourcecode.c.objc; fileEncoding = 4; path = EventAnnotation.m; sourceTree = "<group>"; };
		288765A40DF7441C002DB57D /* CoreGraphics.framework */ = {isa = PBXFileReference; lastKnownFileType = wrapper.framework; name = CoreGraphics.framework; path = System/Library/Frameworks/CoreGraphics.framework; sourceTree = SDKROOT; };
		2899E5210DE3E06400AC0155 /* MapView.xib */ = {isa = PBXFileReference; lastKnownFileType = file.xib; path = MapView.xib; sourceTree = "<group>"; };
		28AD733E0D9D9553002E5188 /* MainWindow.xib */ = {isa = PBXFileReference; lastKnownFileType = file.xib; path = MainWindow.xib; sourceTree = "<group>"; };
		28D7ACF60DDB3853001CB0EB /* MapController.h */ = {isa = PBXFileReference; fileEncoding = 4; lastKnownFileType = sourcecode.c.h; path = MapController.h; sourceTree = "<group>"; };
		28D7ACF70DDB3853001CB0EB /* MapController.m */ = {isa = PBXFileReference; fileEncoding = 4; lastKnownFileType = sourcecode.c.objc; path = MapController.m; sourceTree = "<group>"; };
		29B97316FDCFA39411CA2CEA /* main.m */ = {isa = PBXFileReference; fileEncoding = 4; lastKnownFileType = sourcecode.c.objc; path = main.m; sourceTree = "<group>"; };
		32CA4F630368D1EE00C91783 /* Metro_Atlanta_Arts_App_Prefix.pch */ = {isa = PBXFileReference; fileEncoding = 4; lastKnownFileType = sourcecode.c.h; path = Metro_Atlanta_Arts_App_Prefix.pch; sourceTree = "<group>"; };
		3A98777C142A57A600D80A8C /* MapKit.framework */ = {isa = PBXFileReference; lastKnownFileType = wrapper.framework; name = MapKit.framework; path = System/Library/Frameworks/MapKit.framework; sourceTree = SDKROOT; };
		8D1107310486CEB800E47090 /* Metro_Atlanta_Arts_App-Info.plist */ = {isa = PBXFileReference; fileEncoding = 4; lastKnownFileType = text.plist.xml; path = "Metro_Atlanta_Arts_App-Info.plist"; plistStructureDefinitionIdentifier = "com.apple.xcode.plist.structure-definition.iphone.info-plist"; sourceTree = "<group>"; };
		BFF266A8143F928800084695 /* FilterListController.h */ = {isa = PBXFileReference; fileEncoding = 4; lastKnownFileType = sourcecode.c.h; path = FilterListController.h; sourceTree = "<group>"; };
		BFF266A9143F928800084695 /* FilterListController.m */ = {isa = PBXFileReference; fileEncoding = 4; lastKnownFileType = sourcecode.c.objc; path = FilterListController.m; sourceTree = "<group>"; };
		BFF8F6C5143A278200D5DA96 /* FilterListView.xib */ = {isa = PBXFileReference; lastKnownFileType = file.xib; path = FilterListView.xib; sourceTree = "<group>"; };
		BFF8F6CA143A2B7F00D5DA96 /* EventListView.xib */ = {isa = PBXFileReference; lastKnownFileType = file.xib; path = EventListView.xib; sourceTree = "<group>"; };
		BFF8F6E2143A2FB500D5DA96 /* EventView.xib */ = {isa = PBXFileReference; lastKnownFileType = file.xib; path = EventView.xib; sourceTree = "<group>"; };
		F2771D7D1445F35600FC8C0C /* EditFilterController.h */ = {isa = PBXFileReference; fileEncoding = 4; lastKnownFileType = sourcecode.c.h; path = EditFilterController.h; sourceTree = "<group>"; };
		F2771D7E1445F35600FC8C0C /* EditFilterController.m */ = {isa = PBXFileReference; fileEncoding = 4; lastKnownFileType = sourcecode.c.objc; path = EditFilterController.m; sourceTree = "<group>"; };
		F2771D7F1445F35600FC8C0C /* EditFilterView.xib */ = {isa = PBXFileReference; lastKnownFileType = file.xib; path = EditFilterView.xib; sourceTree = "<group>"; };
		F2771DB71445F7FE00FC8C0C /* RemoveFilterController.h */ = {isa = PBXFileReference; fileEncoding = 4; lastKnownFileType = sourcecode.c.h; path = RemoveFilterController.h; sourceTree = "<group>"; };
		F2771DB81445F7FE00FC8C0C /* RemoveFilterController.m */ = {isa = PBXFileReference; fileEncoding = 4; lastKnownFileType = sourcecode.c.objc; path = RemoveFilterController.m; sourceTree = "<group>"; };
		F2771DB91445F7FE00FC8C0C /* RemoveFilterView.xib */ = {isa = PBXFileReference; lastKnownFileType = file.xib; path = RemoveFilterView.xib; sourceTree = "<group>"; };
		F2B45EB6143F5E18002B0729 /* EventLocation.h */ = {isa = PBXFileReference; fileEncoding = 4; lastKnownFileType = sourcecode.c.h; path = EventLocation.h; sourceTree = "<group>"; };
		F2B45EB7143F5E18002B0729 /* EventLocation.m */ = {isa = PBXFileReference; fileEncoding = 4; lastKnownFileType = sourcecode.c.objc; path = EventLocation.m; sourceTree = "<group>"; };
		F2B45EB9143F5E3C002B0729 /* EventAvailability.h */ = {isa = PBXFileReference; fileEncoding = 4; lastKnownFileType = sourcecode.c.h; path = EventAvailability.h; sourceTree = "<group>"; };
		F2B45EBA143F5E3C002B0729 /* EventAvailability.m */ = {isa = PBXFileReference; fileEncoding = 4; lastKnownFileType = sourcecode.c.objc; path = EventAvailability.m; sourceTree = "<group>"; };
		F2B45EBC143F5E48002B0729 /* EventArtist.h */ = {isa = PBXFileReference; fileEncoding = 4; lastKnownFileType = sourcecode.c.h; path = EventArtist.h; sourceTree = "<group>"; };
		F2B45EBD143F5E48002B0729 /* EventArtist.m */ = {isa = PBXFileReference; fileEncoding = 4; lastKnownFileType = sourcecode.c.objc; path = EventArtist.m; sourceTree = "<group>"; };
		F2B4ACFF1436346A00FA5091 /* Content.h */ = {isa = PBXFileReference; fileEncoding = 4; lastKnownFileType = sourcecode.c.h; path = Content.h; sourceTree = "<group>"; };
		F2B4AD001436346A00FA5091 /* Content.m */ = {isa = PBXFileReference; fileEncoding = 4; lastKnownFileType = sourcecode.c.objc; path = Content.m; sourceTree = "<group>"; };
		F2B4AD2614363B7900FA5091 /* Filter.h */ = {isa = PBXFileReference; fileEncoding = 4; lastKnownFileType = sourcecode.c.h; path = Filter.h; sourceTree = "<group>"; };
		F2B4AD2714363B7900FA5091 /* Filter.m */ = {isa = PBXFileReference; fileEncoding = 4; lastKnownFileType = sourcecode.c.objc; path = Filter.m; sourceTree = "<group>"; };
		F2B586AE1443546B000A4A68 /* ArtistListController.h */ = {isa = PBXFileReference; fileEncoding = 4; lastKnownFileType = sourcecode.c.h; path = ArtistListController.h; sourceTree = "<group>"; };
		F2B586AF1443546B000A4A68 /* ArtistListController.m */ = {isa = PBXFileReference; fileEncoding = 4; lastKnownFileType = sourcecode.c.objc; path = ArtistListController.m; sourceTree = "<group>"; };
		F2B586B01443546B000A4A68 /* ArtistListView.xib */ = {isa = PBXFileReference; lastKnownFileType = file.xib; path = ArtistListView.xib; sourceTree = "<group>"; };
		F2B5877514436292000A4A68 /* ArtistController.h */ = {isa = PBXFileReference; fileEncoding = 4; lastKnownFileType = sourcecode.c.h; path = ArtistController.h; sourceTree = "<group>"; };
		F2B5877614436292000A4A68 /* ArtistController.m */ = {isa = PBXFileReference; fileEncoding = 4; lastKnownFileType = sourcecode.c.objc; path = ArtistController.m; sourceTree = "<group>"; };
		F2B5877714436292000A4A68 /* ArtistView.xib */ = {isa = PBXFileReference; lastKnownFileType = file.xib; path = ArtistView.xib; sourceTree = "<group>"; };
		F2B587851443659B000A4A68 /* AddFilterController.h */ = {isa = PBXFileReference; fileEncoding = 4; lastKnownFileType = sourcecode.c.h; path = AddFilterController.h; sourceTree = "<group>"; };
		F2B587861443659B000A4A68 /* AddFilterController.m */ = {isa = PBXFileReference; fileEncoding = 4; lastKnownFileType = sourcecode.c.objc; path = AddFilterController.m; sourceTree = "<group>"; };
		F2B587871443659B000A4A68 /* AddFilterView.xib */ = {isa = PBXFileReference; lastKnownFileType = file.xib; path = AddFilterView.xib; sourceTree = "<group>"; };
		F2BF2AE6143A35DE00FBD2F5 /* Event.h */ = {isa = PBXFileReference; fileEncoding = 4; lastKnownFileType = sourcecode.c.h; path = Event.h; sourceTree = "<group>"; };
		F2BF2AE7143A35DE00FBD2F5 /* Event.m */ = {isa = PBXFileReference; fileEncoding = 4; lastKnownFileType = sourcecode.c.objc; path = Event.m; sourceTree = "<group>"; };
		F2BF2AEB143A362E00FBD2F5 /* EventListController.h */ = {isa = PBXFileReference; fileEncoding = 4; lastKnownFileType = sourcecode.c.h; path = EventListController.h; sourceTree = "<group>"; };
		F2BF2AEC143A362E00FBD2F5 /* EventListController.m */ = {isa = PBXFileReference; fileEncoding = 4; lastKnownFileType = sourcecode.c.objc; path = EventListController.m; sourceTree = "<group>"; };
/* End PBXFileReference section */

/* Begin PBXFrameworksBuildPhase section */
		1D60588F0D05DD3D006BFB54 /* Frameworks */ = {
			isa = PBXFrameworksBuildPhase;
			buildActionMask = 2147483647;
			files = (
				1D60589F0D05DD5A006BFB54 /* Foundation.framework in Frameworks */,
				1DF5F4E00D08C38300B7A737 /* UIKit.framework in Frameworks */,
				288765A50DF7441C002DB57D /* CoreGraphics.framework in Frameworks */,
				3A98777D142A57A600D80A8C /* MapKit.framework in Frameworks */,
			);
			runOnlyForDeploymentPostprocessing = 0;
		};
/* End PBXFrameworksBuildPhase section */

/* Begin PBXGroup section */
		080E96DDFE201D6D7F000001 /* Classes */ = {
			isa = PBXGroup;
			children = (
				225AB099143A43A40075EC49 /* EventAnnotation.h */,
				225AB09A143A43A40075EC49 /* EventAnnotation.m */,
				1D3623240D0F684500981E51 /* AppDelegate.h */,
				1D3623250D0F684500981E51 /* AppDelegate.m */,
				28D7ACF60DDB3853001CB0EB /* MapController.h */,
				28D7ACF70DDB3853001CB0EB /* MapController.m */,
				F2B4ACFF1436346A00FA5091 /* Content.h */,
				F2B4AD001436346A00FA5091 /* Content.m */,
				F2B4AD2614363B7900FA5091 /* Filter.h */,
				F2B4AD2714363B7900FA5091 /* Filter.m */,
				F2BF2AE6143A35DE00FBD2F5 /* Event.h */,
				F2BF2AE7143A35DE00FBD2F5 /* Event.m */,
				F2BF2AEB143A362E00FBD2F5 /* EventListController.h */,
				F2BF2AEC143A362E00FBD2F5 /* EventListController.m */,
				F2B45EB6143F5E18002B0729 /* EventLocation.h */,
				F2B45EB7143F5E18002B0729 /* EventLocation.m */,
				F2B45EB9143F5E3C002B0729 /* EventAvailability.h */,
				F2B45EBA143F5E3C002B0729 /* EventAvailability.m */,
				F2B45EBC143F5E48002B0729 /* EventArtist.h */,
				F2B45EBD143F5E48002B0729 /* EventArtist.m */,
				BFF266A8143F928800084695 /* FilterListController.h */,
				BFF266A9143F928800084695 /* FilterListController.m */,
				F2B586AE1443546B000A4A68 /* ArtistListController.h */,
				F2B586AF1443546B000A4A68 /* ArtistListController.m */,
				F2B5877514436292000A4A68 /* ArtistController.h */,
				F2B5877614436292000A4A68 /* ArtistController.m */,
				F2B587851443659B000A4A68 /* AddFilterController.h */,
				F2B587861443659B000A4A68 /* AddFilterController.m */,
				F2771D7D1445F35600FC8C0C /* EditFilterController.h */,
				F2771D7E1445F35600FC8C0C /* EditFilterController.m */,
				F2771DB71445F7FE00FC8C0C /* RemoveFilterController.h */,
				F2771DB81445F7FE00FC8C0C /* RemoveFilterController.m */,
			);
			path = Classes;
			sourceTree = "<group>";
		};
		19C28FACFE9D520D11CA2CBB /* Products */ = {
			isa = PBXGroup;
			children = (
				1D6058910D05DD3D006BFB54 /* Metro-Atlanta-Arts-App.app */,
			);
			name = Products;
			sourceTree = "<group>";
		};
		29B97314FDCFA39411CA2CEA /* CustomTemplate */ = {
			isa = PBXGroup;
			children = (
				080E96DDFE201D6D7F000001 /* Classes */,
				29B97315FDCFA39411CA2CEA /* Other Sources */,
				29B97317FDCFA39411CA2CEA /* Resources */,
				29B97323FDCFA39411CA2CEA /* Frameworks */,
				19C28FACFE9D520D11CA2CBB /* Products */,
			);
			name = CustomTemplate;
			sourceTree = "<group>";
		};
		29B97315FDCFA39411CA2CEA /* Other Sources */ = {
			isa = PBXGroup;
			children = (
				32CA4F630368D1EE00C91783 /* Metro_Atlanta_Arts_App_Prefix.pch */,
				29B97316FDCFA39411CA2CEA /* main.m */,
			);
			name = "Other Sources";
			sourceTree = "<group>";
		};
		29B97317FDCFA39411CA2CEA /* Resources */ = {
			isa = PBXGroup;
			children = (
				F2771DB91445F7FE00FC8C0C /* RemoveFilterView.xib */,
				F2771D7F1445F35600FC8C0C /* EditFilterView.xib */,
				F2B587871443659B000A4A68 /* AddFilterView.xib */,
				F2B5877714436292000A4A68 /* ArtistView.xib */,
				F2B586B01443546B000A4A68 /* ArtistListView.xib */,
				BFF8F6E2143A2FB500D5DA96 /* EventView.xib */,
				BFF8F6C5143A278200D5DA96 /* FilterListView.xib */,
				BFF8F6CA143A2B7F00D5DA96 /* EventListView.xib */,
				2899E5210DE3E06400AC0155 /* MapView.xib */,
				28AD733E0D9D9553002E5188 /* MainWindow.xib */,
				8D1107310486CEB800E47090 /* Metro_Atlanta_Arts_App-Info.plist */,
			);
			name = Resources;
			sourceTree = "<group>";
		};
		29B97323FDCFA39411CA2CEA /* Frameworks */ = {
			isa = PBXGroup;
			children = (
				3A98777C142A57A600D80A8C /* MapKit.framework */,
				1DF5F4DF0D08C38300B7A737 /* UIKit.framework */,
				1D30AB110D05D00D00671497 /* Foundation.framework */,
				288765A40DF7441C002DB57D /* CoreGraphics.framework */,
			);
			name = Frameworks;
			sourceTree = "<group>";
		};
/* End PBXGroup section */

/* Begin PBXNativeTarget section */
		1D6058900D05DD3D006BFB54 /* Metro-Atlanta-Arts-App */ = {
			isa = PBXNativeTarget;
			buildConfigurationList = 1D6058960D05DD3E006BFB54 /* Build configuration list for PBXNativeTarget "Metro-Atlanta-Arts-App" */;
			buildPhases = (
				1D60588D0D05DD3D006BFB54 /* Resources */,
				1D60588E0D05DD3D006BFB54 /* Sources */,
				1D60588F0D05DD3D006BFB54 /* Frameworks */,
			);
			buildRules = (
			);
			dependencies = (
			);
			name = "Metro-Atlanta-Arts-App";
			productName = "Metro-Atlanta-Arts-App";
			productReference = 1D6058910D05DD3D006BFB54 /* Metro-Atlanta-Arts-App.app */;
			productType = "com.apple.product-type.application";
		};
/* End PBXNativeTarget section */

/* Begin PBXProject section */
		29B97313FDCFA39411CA2CEA /* Project object */ = {
			isa = PBXProject;
			attributes = {
				ORGANIZATIONNAME = "ART PAPERS, INC";
			};
			buildConfigurationList = C01FCF4E08A954540054247B /* Build configuration list for PBXProject "Metro-Atlanta-Arts-App" */;
			compatibilityVersion = "Xcode 3.1";
			hasScannedForEncodings = 1;
			knownRegions = (
				English,
				Japanese,
				French,
				German,
			);
			mainGroup = 29B97314FDCFA39411CA2CEA /* CustomTemplate */;
			projectDirPath = "";
			projectRoot = "";
			targets = (
				1D6058900D05DD3D006BFB54 /* Metro-Atlanta-Arts-App */,
			);
		};
/* End PBXProject section */

/* Begin PBXResourcesBuildPhase section */
		1D60588D0D05DD3D006BFB54 /* Resources */ = {
			isa = PBXResourcesBuildPhase;
			buildActionMask = 2147483647;
			files = (
				28AD733F0D9D9553002E5188 /* MainWindow.xib in Resources */,
				2899E5220DE3E06400AC0155 /* MapView.xib in Resources */,
				BFF8F6C6143A278200D5DA96 /* FilterListView.xib in Resources */,
				BFF8F6CB143A2B7F00D5DA96 /* EventListView.xib in Resources */,
				BFF8F6E3143A2FB500D5DA96 /* EventView.xib in Resources */,
				F2B586B21443546B000A4A68 /* ArtistListView.xib in Resources */,
				F2B5877914436292000A4A68 /* ArtistView.xib in Resources */,
				F2B587891443659B000A4A68 /* AddFilterView.xib in Resources */,
				F2771D811445F35600FC8C0C /* EditFilterView.xib in Resources */,
				F2771DBB1445F7FE00FC8C0C /* RemoveFilterView.xib in Resources */,
			);
			runOnlyForDeploymentPostprocessing = 0;
		};
/* End PBXResourcesBuildPhase section */

/* Begin PBXSourcesBuildPhase section */
		1D60588E0D05DD3D006BFB54 /* Sources */ = {
			isa = PBXSourcesBuildPhase;
			buildActionMask = 2147483647;
			files = (
				1D60589B0D05DD56006BFB54 /* main.m in Sources */,
				1D3623260D0F684500981E51 /* AppDelegate.m in Sources */,
				28D7ACF80DDB3853001CB0EB /* MapController.m in Sources */,
				F2B4AD011436346A00FA5091 /* Content.m in Sources */,
				F2B4AD2814363B7900FA5091 /* Filter.m in Sources */,
				F2BF2AE8143A35DE00FBD2F5 /* Event.m in Sources */,
				F2BF2AED143A362E00FBD2F5 /* EventListController.m in Sources */,
				225AB09B143A43A40075EC49 /* EventAnnotation.m in Sources */,
				F2B45EB8143F5E18002B0729 /* EventLocation.m in Sources */,
				F2B45EBB143F5E3C002B0729 /* EventAvailability.m in Sources */,
				F2B45EBE143F5E48002B0729 /* EventArtist.m in Sources */,
				BFF266AB143F928800084695 /* FilterListController.m in Sources */,
				F2B586B11443546B000A4A68 /* ArtistListController.m in Sources */,
				F2B5877814436292000A4A68 /* ArtistController.m in Sources */,
				F2B587881443659B000A4A68 /* AddFilterController.m in Sources */,
				F2771D801445F35600FC8C0C /* EditFilterController.m in Sources */,
				F2771DBA1445F7FE00FC8C0C /* RemoveFilterController.m in Sources */,
			);
			runOnlyForDeploymentPostprocessing = 0;
		};
/* End PBXSourcesBuildPhase section */

/* Begin XCBuildConfiguration section */
		1D6058940D05DD3E006BFB54 /* Debug */ = {
			isa = XCBuildConfiguration;
			buildSettings = {
				ALWAYS_SEARCH_USER_PATHS = NO;
				COPY_PHASE_STRIP = NO;
				GCC_DYNAMIC_NO_PIC = NO;
				GCC_OPTIMIZATION_LEVEL = 0;
				GCC_PRECOMPILE_PREFIX_HEADER = YES;
				GCC_PREFIX_HEADER = Metro_Atlanta_Arts_App_Prefix.pch;
				INFOPLIST_FILE = "Metro_Atlanta_Arts_App-Info.plist";
				PRODUCT_NAME = "Metro-Atlanta-Arts-App";
			};
			name = Debug;
		};
		1D6058950D05DD3E006BFB54 /* Release */ = {
			isa = XCBuildConfiguration;
			buildSettings = {
				ALWAYS_SEARCH_USER_PATHS = NO;
				COPY_PHASE_STRIP = YES;
				GCC_PRECOMPILE_PREFIX_HEADER = YES;
				GCC_PREFIX_HEADER = Metro_Atlanta_Arts_App_Prefix.pch;
				INFOPLIST_FILE = "Metro_Atlanta_Arts_App-Info.plist";
				PRODUCT_NAME = "Metro-Atlanta-Arts-App";
				VALIDATE_PRODUCT = YES;
			};
			name = Release;
		};
		C01FCF4F08A954540054247B /* Debug */ = {
			isa = XCBuildConfiguration;
			buildSettings = {
				ARCHS = "$(ARCHS_STANDARD_32_BIT)";
				"CODE_SIGN_IDENTITY[sdk=iphoneos*]" = "iPhone Developer";
				GCC_C_LANGUAGE_STANDARD = c99;
				GCC_WARN_ABOUT_RETURN_TYPE = YES;
				GCC_WARN_UNUSED_VARIABLE = YES;
				PREBINDING = NO;
				SDKROOT = iphonesimulator4.0;
			};
			name = Debug;
		};
		C01FCF5008A954540054247B /* Release */ = {
			isa = XCBuildConfiguration;
			buildSettings = {
				ARCHS = "$(ARCHS_STANDARD_32_BIT)";
				"CODE_SIGN_IDENTITY[sdk=iphoneos*]" = "iPhone Developer";
				GCC_C_LANGUAGE_STANDARD = c99;
				GCC_WARN_ABOUT_RETURN_TYPE = YES;
				GCC_WARN_UNUSED_VARIABLE = YES;
				OTHER_CFLAGS = "-DNS_BLOCK_ASSERTIONS=1";
				PREBINDING = NO;
				SDKROOT = iphonesimulator4.0;
			};
			name = Release;
		};
/* End XCBuildConfiguration section */

/* Begin XCConfigurationList section */
		1D6058960D05DD3E006BFB54 /* Build configuration list for PBXNativeTarget "Metro-Atlanta-Arts-App" */ = {
			isa = XCConfigurationList;
			buildConfigurations = (
				1D6058940D05DD3E006BFB54 /* Debug */,
				1D6058950D05DD3E006BFB54 /* Release */,
			);
			defaultConfigurationIsVisible = 0;
			defaultConfigurationName = Release;
		};
		C01FCF4E08A954540054247B /* Build configuration list for PBXProject "Metro-Atlanta-Arts-App" */ = {
			isa = XCConfigurationList;
			buildConfigurations = (
				C01FCF4F08A954540054247B /* Debug */,
				C01FCF5008A954540054247B /* Release */,
			);
			defaultConfigurationIsVisible = 0;
			defaultConfigurationName = Release;
		};
/* End XCConfigurationList section */
	};
	rootObject = 29B97313FDCFA39411CA2CEA /* Project object */;
}
