// !$*UTF8*$!
{
	archiveVersion = 1;
	classes = {
	};
	objectVersion = 45;
	objects = {

/* Begin PBXBuildFile section */
		1D3623260D0F684500981E51 /* Metro_Atlanta_Arts_AppAppDelegate.m in Sources */ = {isa = PBXBuildFile; fileRef = 1D3623250D0F684500981E51 /* Metro_Atlanta_Arts_AppAppDelegate.m */; };
		1D60589B0D05DD56006BFB54 /* main.m in Sources */ = {isa = PBXBuildFile; fileRef = 29B97316FDCFA39411CA2CEA /* main.m */; };
		1D60589F0D05DD5A006BFB54 /* Foundation.framework in Frameworks */ = {isa = PBXBuildFile; fileRef = 1D30AB110D05D00D00671497 /* Foundation.framework */; };
		1DF5F4E00D08C38300B7A737 /* UIKit.framework in Frameworks */ = {isa = PBXBuildFile; fileRef = 1DF5F4DF0D08C38300B7A737 /* UIKit.framework */; };
		288765A50DF7441C002DB57D /* CoreGraphics.framework in Frameworks */ = {isa = PBXBuildFile; fileRef = 288765A40DF7441C002DB57D /* CoreGraphics.framework */; };
		2899E5220DE3E06400AC0155 /* Metro_Atlanta_Arts_AppViewController.xib in Resources */ = {isa = PBXBuildFile; fileRef = 2899E5210DE3E06400AC0155 /* Metro_Atlanta_Arts_AppViewController.xib */; };
		28AD733F0D9D9553002E5188 /* MainWindow.xib in Resources */ = {isa = PBXBuildFile; fileRef = 28AD733E0D9D9553002E5188 /* MainWindow.xib */; };
		28D7ACF80DDB3853001CB0EB /* Metro_Atlanta_Arts_AppViewController.m in Sources */ = {isa = PBXBuildFile; fileRef = 28D7ACF70DDB3853001CB0EB /* Metro_Atlanta_Arts_AppViewController.m */; };
		3A1D2E89143426DF00EB7A3E /* NextView.m in Sources */ = {isa = PBXBuildFile; fileRef = 3A1D2E88143426DF00EB7A3E /* NextView.m */; };
		3A98777D142A57A600D80A8C /* MapKit.framework in Frameworks */ = {isa = PBXBuildFile; fileRef = 3A98777C142A57A600D80A8C /* MapKit.framework */; };
		BFF8F6BA143A244300D5DA96 /* eventView.xib in Resources */ = {isa = PBXBuildFile; fileRef = BFF8F6B9143A244300D5DA96 /* eventView.xib */; };
		BFF8F6C6143A278200D5DA96 /* filters.xib in Resources */ = {isa = PBXBuildFile; fileRef = BFF8F6C5143A278200D5DA96 /* filters.xib */; };
		BFF8F6CB143A2B7F00D5DA96 /* eventList.xib in Resources */ = {isa = PBXBuildFile; fileRef = BFF8F6CA143A2B7F00D5DA96 /* eventList.xib */; };
		BFF8F6E3143A2FB500D5DA96 /* eventView.xib in Resources */ = {isa = PBXBuildFile; fileRef = BFF8F6E2143A2FB500D5DA96 /* eventView.xib */; };
		F2B4AD011436346A00FA5091 /* Content.m in Sources */ = {isa = PBXBuildFile; fileRef = F2B4AD001436346A00FA5091 /* Content.m */; };
		F2B4AD2814363B7900FA5091 /* Filter.m in Sources */ = {isa = PBXBuildFile; fileRef = F2B4AD2714363B7900FA5091 /* Filter.m */; };
		F2B5221D14337205006D2A52 /* Event.m in Sources */ = {isa = PBXBuildFile; fileRef = F2B5221C14337205006D2A52 /* Event.m */; };
/* End PBXBuildFile section */

/* Begin PBXFileReference section */
		1D30AB110D05D00D00671497 /* Foundation.framework */ = {isa = PBXFileReference; lastKnownFileType = wrapper.framework; name = Foundation.framework; path = System/Library/Frameworks/Foundation.framework; sourceTree = SDKROOT; };
		1D3623240D0F684500981E51 /* Metro_Atlanta_Arts_AppAppDelegate.h */ = {isa = PBXFileReference; fileEncoding = 4; lastKnownFileType = sourcecode.c.h; path = Metro_Atlanta_Arts_AppAppDelegate.h; sourceTree = "<group>"; };
		1D3623250D0F684500981E51 /* Metro_Atlanta_Arts_AppAppDelegate.m */ = {isa = PBXFileReference; fileEncoding = 4; lastKnownFileType = sourcecode.c.objc; path = Metro_Atlanta_Arts_AppAppDelegate.m; sourceTree = "<group>"; };
		1D6058910D05DD3D006BFB54 /* Metro-Atlanta-Arts-App.app */ = {isa = PBXFileReference; explicitFileType = wrapper.application; includeInIndex = 0; path = "Metro-Atlanta-Arts-App.app"; sourceTree = BUILT_PRODUCTS_DIR; };
		1DF5F4DF0D08C38300B7A737 /* UIKit.framework */ = {isa = PBXFileReference; lastKnownFileType = wrapper.framework; name = UIKit.framework; path = System/Library/Frameworks/UIKit.framework; sourceTree = SDKROOT; };
		288765A40DF7441C002DB57D /* CoreGraphics.framework */ = {isa = PBXFileReference; lastKnownFileType = wrapper.framework; name = CoreGraphics.framework; path = System/Library/Frameworks/CoreGraphics.framework; sourceTree = SDKROOT; };
		2899E5210DE3E06400AC0155 /* Metro_Atlanta_Arts_AppViewController.xib */ = {isa = PBXFileReference; lastKnownFileType = file.xib; path = Metro_Atlanta_Arts_AppViewController.xib; sourceTree = "<group>"; };
		28AD733E0D9D9553002E5188 /* MainWindow.xib */ = {isa = PBXFileReference; lastKnownFileType = file.xib; path = MainWindow.xib; sourceTree = "<group>"; };
		28D7ACF60DDB3853001CB0EB /* Metro_Atlanta_Arts_AppViewController.h */ = {isa = PBXFileReference; fileEncoding = 4; lastKnownFileType = sourcecode.c.h; path = Metro_Atlanta_Arts_AppViewController.h; sourceTree = "<group>"; };
		28D7ACF70DDB3853001CB0EB /* Metro_Atlanta_Arts_AppViewController.m */ = {isa = PBXFileReference; fileEncoding = 4; lastKnownFileType = sourcecode.c.objc; path = Metro_Atlanta_Arts_AppViewController.m; sourceTree = "<group>"; };
		29B97316FDCFA39411CA2CEA /* main.m */ = {isa = PBXFileReference; fileEncoding = 4; lastKnownFileType = sourcecode.c.objc; path = main.m; sourceTree = "<group>"; };
		32CA4F630368D1EE00C91783 /* Metro_Atlanta_Arts_App_Prefix.pch */ = {isa = PBXFileReference; fileEncoding = 4; lastKnownFileType = sourcecode.c.h; path = Metro_Atlanta_Arts_App_Prefix.pch; sourceTree = "<group>"; };
		3A1D2E87143426DF00EB7A3E /* NextView.h */ = {isa = PBXFileReference; fileEncoding = 4; lastKnownFileType = sourcecode.c.h; name = NextView.h; path = ../NextView.h; sourceTree = "<group>"; };
		3A1D2E88143426DF00EB7A3E /* NextView.m */ = {isa = PBXFileReference; fileEncoding = 4; lastKnownFileType = sourcecode.c.objc; name = NextView.m; path = ../NextView.m; sourceTree = "<group>"; };
		3A98777C142A57A600D80A8C /* MapKit.framework */ = {isa = PBXFileReference; lastKnownFileType = wrapper.framework; name = MapKit.framework; path = System/Library/Frameworks/MapKit.framework; sourceTree = SDKROOT; };
		8D1107310486CEB800E47090 /* Metro_Atlanta_Arts_App-Info.plist */ = {isa = PBXFileReference; fileEncoding = 4; lastKnownFileType = text.plist.xml; path = "Metro_Atlanta_Arts_App-Info.plist"; plistStructureDefinitionIdentifier = "com.apple.xcode.plist.structure-definition.iphone.info-plist"; sourceTree = "<group>"; };
		BFF8F6B9143A244300D5DA96 /* eventView.xib */ = {isa = PBXFileReference; lastKnownFileType = file.xib; path = eventView.xib; sourceTree = "<group>"; };
		BFF8F6C5143A278200D5DA96 /* filters.xib */ = {isa = PBXFileReference; lastKnownFileType = file.xib; path = filters.xib; sourceTree = "<group>"; };
		BFF8F6CA143A2B7F00D5DA96 /* eventList.xib */ = {isa = PBXFileReference; lastKnownFileType = file.xib; path = eventList.xib; sourceTree = "<group>"; };
		BFF8F6E2143A2FB500D5DA96 /* eventView.xib */ = {isa = PBXFileReference; lastKnownFileType = file.xib; path = eventView.xib; sourceTree = "<group>"; };
		F2B4ACFF1436346A00FA5091 /* Content.h */ = {isa = PBXFileReference; fileEncoding = 4; lastKnownFileType = sourcecode.c.h; path = Content.h; sourceTree = "<group>"; };
		F2B4AD001436346A00FA5091 /* Content.m */ = {isa = PBXFileReference; fileEncoding = 4; lastKnownFileType = sourcecode.c.objc; path = Content.m; sourceTree = "<group>"; };
		F2B4AD2614363B7900FA5091 /* Filter.h */ = {isa = PBXFileReference; fileEncoding = 4; lastKnownFileType = sourcecode.c.h; path = Filter.h; sourceTree = "<group>"; };
		F2B4AD2714363B7900FA5091 /* Filter.m */ = {isa = PBXFileReference; fileEncoding = 4; lastKnownFileType = sourcecode.c.objc; path = Filter.m; sourceTree = "<group>"; };
		F2B5221B14337205006D2A52 /* Event.h */ = {isa = PBXFileReference; fileEncoding = 4; lastKnownFileType = sourcecode.c.h; name = Event.h; path = ../Event.h; sourceTree = "<group>"; };
		F2B5221C14337205006D2A52 /* Event.m */ = {isa = PBXFileReference; fileEncoding = 4; lastKnownFileType = sourcecode.c.objc; name = Event.m; path = ../Event.m; sourceTree = "<group>"; };
/* End PBXFileReference section */

/* Begin PBXFrameworksBuildPhase section */
		1D60588F0D05DD3D006BFB54 /* Frameworks */ = {
			isa = PBXFrameworksBuildPhase;
			buildActionMask = 2147483647;
			files = (
				1D60589F0D05DD5A006BFB54 /* Foundation.framework in Frameworks */,
				1DF5F4E00D08C38300B7A737 /* UIKit.framework in Frameworks */,
				288765A50DF7441C002DB57D /* CoreGraphics.framework in Frameworks */,
				3A98777D142A57A600D80A8C /* MapKit.framework in Frameworks */,
			);
			runOnlyForDeploymentPostprocessing = 0;
		};
/* End PBXFrameworksBuildPhase section */

/* Begin PBXGroup section */
		080E96DDFE201D6D7F000001 /* Classes */ = {
			isa = PBXGroup;
			children = (
				F2B5221C14337205006D2A52 /* Event.m */,
				3A1D2E87143426DF00EB7A3E /* NextView.h */,
				F2B5221B14337205006D2A52 /* Event.h */,
				3A1D2E88143426DF00EB7A3E /* NextView.m */,
				1D3623240D0F684500981E51 /* Metro_Atlanta_Arts_AppAppDelegate.h */,
				1D3623250D0F684500981E51 /* Metro_Atlanta_Arts_AppAppDelegate.m */,
				28D7ACF60DDB3853001CB0EB /* Metro_Atlanta_Arts_AppViewController.h */,
				28D7ACF70DDB3853001CB0EB /* Metro_Atlanta_Arts_AppViewController.m */,
				F2B4ACFF1436346A00FA5091 /* Content.h */,
				F2B4AD001436346A00FA5091 /* Content.m */,
				F2B4AD2614363B7900FA5091 /* Filter.h */,
				F2B4AD2714363B7900FA5091 /* Filter.m */,
			);
			path = Classes;
			sourceTree = "<group>";
		};
		19C28FACFE9D520D11CA2CBB /* Products */ = {
			isa = PBXGroup;
			children = (
				1D6058910D05DD3D006BFB54 /* Metro-Atlanta-Arts-App.app */,
			);
			name = Products;
			sourceTree = "<group>";
		};
		29B97314FDCFA39411CA2CEA /* CustomTemplate */ = {
			isa = PBXGroup;
			children = (
				080E96DDFE201D6D7F000001 /* Classes */,
				29B97315FDCFA39411CA2CEA /* Other Sources */,
				29B97317FDCFA39411CA2CEA /* Resources */,
				29B97323FDCFA39411CA2CEA /* Frameworks */,
				19C28FACFE9D520D11CA2CBB /* Products */,
			);
			name = CustomTemplate;
			sourceTree = "<group>";
		};
		29B97315FDCFA39411CA2CEA /* Other Sources */ = {
			isa = PBXGroup;
			children = (
				32CA4F630368D1EE00C91783 /* Metro_Atlanta_Arts_App_Prefix.pch */,
				29B97316FDCFA39411CA2CEA /* main.m */,
			);
			name = "Other Sources";
			sourceTree = "<group>";
		};
		29B97317FDCFA39411CA2CEA /* Resources */ = {
			isa = PBXGroup;
			children = (
				BFF8F6E2143A2FB500D5DA96 /* eventView.xib */,
				BFF8F6C5143A278200D5DA96 /* filters.xib */,
				BFF8F6CA143A2B7F00D5DA96 /* eventList.xib */,
				BFF8F6B9143A244300D5DA96 /* eventView.xib */,
				2899E5210DE3E06400AC0155 /* Metro_Atlanta_Arts_AppViewController.xib */,
				28AD733E0D9D9553002E5188 /* MainWindow.xib */,
				8D1107310486CEB800E47090 /* Metro_Atlanta_Arts_App-Info.plist */,
				3A98777C142A57A600D80A8C /* MapKit.framework */,
			);
			name = Resources;
			sourceTree = "<group>";
		};
		29B97323FDCFA39411CA2CEA /* Frameworks */ = {
			isa = PBXGroup;
			children = (
				1DF5F4DF0D08C38300B7A737 /* UIKit.framework */,
				1D30AB110D05D00D00671497 /* Foundation.framework */,
				288765A40DF7441C002DB57D /* CoreGraphics.framework */,
			);
			name = Frameworks;
			sourceTree = "<group>";
		};
/* End PBXGroup section */

/* Begin PBXNativeTarget section */
		1D6058900D05DD3D006BFB54 /* Metro-Atlanta-Arts-App */ = {
			isa = PBXNativeTarget;
			buildConfigurationList = 1D6058960D05DD3E006BFB54 /* Build configuration list for PBXNativeTarget "Metro-Atlanta-Arts-App" */;
			buildPhases = (
				1D60588D0D05DD3D006BFB54 /* Resources */,
				1D60588E0D05DD3D006BFB54 /* Sources */,
				1D60588F0D05DD3D006BFB54 /* Frameworks */,
			);
			buildRules = (
			);
			dependencies = (
			);
			name = "Metro-Atlanta-Arts-App";
			productName = "Metro-Atlanta-Arts-App";
			productReference = 1D6058910D05DD3D006BFB54 /* Metro-Atlanta-Arts-App.app */;
			productType = "com.apple.product-type.application";
		};
/* End PBXNativeTarget section */

/* Begin PBXProject section */
		29B97313FDCFA39411CA2CEA /* Project object */ = {
			isa = PBXProject;
			buildConfigurationList = C01FCF4E08A954540054247B /* Build configuration list for PBXProject "Metro-Atlanta-Arts-App" */;
			compatibilityVersion = "Xcode 3.1";
			hasScannedForEncodings = 1;
			knownRegions = (
				English,
				Japanese,
				French,
				German,
			);
			mainGroup = 29B97314FDCFA39411CA2CEA /* CustomTemplate */;
			projectDirPath = "";
			projectRoot = "";
			targets = (
				1D6058900D05DD3D006BFB54 /* Metro-Atlanta-Arts-App */,
			);
		};
/* End PBXProject section */

/* Begin PBXResourcesBuildPhase section */
		1D60588D0D05DD3D006BFB54 /* Resources */ = {
			isa = PBXResourcesBuildPhase;
			buildActionMask = 2147483647;
			files = (
				28AD733F0D9D9553002E5188 /* MainWindow.xib in Resources */,
				2899E5220DE3E06400AC0155 /* Metro_Atlanta_Arts_AppViewController.xib in Resources */,
				BFF8F6BA143A244300D5DA96 /* eventView.xib in Resources */,
				BFF8F6C6143A278200D5DA96 /* filters.xib in Resources */,
				BFF8F6CB143A2B7F00D5DA96 /* eventList.xib in Resources */,
				BFF8F6E3143A2FB500D5DA96 /* eventView.xib in Resources */,
			);
			runOnlyForDeploymentPostprocessing = 0;
		};
/* End PBXResourcesBuildPhase section */

/* Begin PBXSourcesBuildPhase section */
		1D60588E0D05DD3D006BFB54 /* Sources */ = {
			isa = PBXSourcesBuildPhase;
			buildActionMask = 2147483647;
			files = (
				1D60589B0D05DD56006BFB54 /* main.m in Sources */,
				1D3623260D0F684500981E51 /* Metro_Atlanta_Arts_AppAppDelegate.m in Sources */,
				28D7ACF80DDB3853001CB0EB /* Metro_Atlanta_Arts_AppViewController.m in Sources */,
				F2B5221D14337205006D2A52 /* Event.m in Sources */,
				3A1D2E89143426DF00EB7A3E /* NextView.m in Sources */,
				F2B4AD011436346A00FA5091 /* Content.m in Sources */,
				F2B4AD2814363B7900FA5091 /* Filter.m in Sources */,
			);
			runOnlyForDeploymentPostprocessing = 0;
		};
/* End PBXSourcesBuildPhase section */

/* Begin XCBuildConfiguration section */
		1D6058940D05DD3E006BFB54 /* Debug */ = {
			isa = XCBuildConfiguration;
			buildSettings = {
				ALWAYS_SEARCH_USER_PATHS = NO;
				COPY_PHASE_STRIP = NO;
				GCC_DYNAMIC_NO_PIC = NO;
				GCC_OPTIMIZATION_LEVEL = 0;
				GCC_PRECOMPILE_PREFIX_HEADER = YES;
				GCC_PREFIX_HEADER = Metro_Atlanta_Arts_App_Prefix.pch;
				INFOPLIST_FILE = "Metro_Atlanta_Arts_App-Info.plist";
				PRODUCT_NAME = "Metro-Atlanta-Arts-App";
			};
			name = Debug;
		};
		1D6058950D05DD3E006BFB54 /* Release */ = {
			isa = XCBuildConfiguration;
			buildSettings = {
				ALWAYS_SEARCH_USER_PATHS = NO;
				COPY_PHASE_STRIP = YES;
				GCC_PRECOMPILE_PREFIX_HEADER = YES;
				GCC_PREFIX_HEADER = Metro_Atlanta_Arts_App_Prefix.pch;
				INFOPLIST_FILE = "Metro_Atlanta_Arts_App-Info.plist";
				PRODUCT_NAME = "Metro-Atlanta-Arts-App";
				VALIDATE_PRODUCT = YES;
			};
			name = Release;
		};
		C01FCF4F08A954540054247B /* Debug */ = {
			isa = XCBuildConfiguration;
			buildSettings = {
				ARCHS = "$(ARCHS_STANDARD_32_BIT)";
				"CODE_SIGN_IDENTITY[sdk=iphoneos*]" = "iPhone Developer";
				GCC_C_LANGUAGE_STANDARD = c99;
				GCC_WARN_ABOUT_RETURN_TYPE = YES;
				GCC_WARN_UNUSED_VARIABLE = YES;
				PREBINDING = NO;
				SDKROOT = iphonesimulator4.0;
			};
			name = Debug;
		};
		C01FCF5008A954540054247B /* Release */ = {
			isa = XCBuildConfiguration;
			buildSettings = {
				ARCHS = "$(ARCHS_STANDARD_32_BIT)";
				"CODE_SIGN_IDENTITY[sdk=iphoneos*]" = "iPhone Developer";
				GCC_C_LANGUAGE_STANDARD = c99;
				GCC_WARN_ABOUT_RETURN_TYPE = YES;
				GCC_WARN_UNUSED_VARIABLE = YES;
				OTHER_CFLAGS = "-DNS_BLOCK_ASSERTIONS=1";
				PREBINDING = NO;
				SDKROOT = iphonesimulator4.0;
			};
			name = Release;
		};
/* End XCBuildConfiguration section */

/* Begin XCConfigurationList section */
		1D6058960D05DD3E006BFB54 /* Build configuration list for PBXNativeTarget "Metro-Atlanta-Arts-App" */ = {
			isa = XCConfigurationList;
			buildConfigurations = (
				1D6058940D05DD3E006BFB54 /* Debug */,
				1D6058950D05DD3E006BFB54 /* Release */,
			);
			defaultConfigurationIsVisible = 0;
			defaultConfigurationName = Release;
		};
		C01FCF4E08A954540054247B /* Build configuration list for PBXProject "Metro-Atlanta-Arts-App" */ = {
			isa = XCConfigurationList;
			buildConfigurations = (
				C01FCF4F08A954540054247B /* Debug */,
				C01FCF5008A954540054247B /* Release */,
			);
			defaultConfigurationIsVisible = 0;
			defaultConfigurationName = Release;
		};
/* End XCConfigurationList section */
	};
	rootObject = 29B97313FDCFA39411CA2CEA /* Project object */;
}
